{
  "name": "maelstrom-solidity",
  "version": "1.0.0",
  "lockfileVersion": 3,
  "requires": true,
  "packages": {
    "": {
      "name": "maelstrom-solidity",
      "version": "1.0.0",
      "license": "ISC",
      "dependencies": {
        "@prb/math": "^4.1.0",
        "openzeppelin": "^1.0.0"
      },
      "devDependencies": {
        "prettier": "^3.8.1",
        "prettier-plugin-solidity": "^1.4.3"
      }
    },
    "node_modules/@prb/math": {
      "version": "4.1.0",
      "resolved": "https://registry.npmjs.org/@prb/math/-/math-4.1.0.tgz",
      "integrity": "sha512-ef5Xrlh3BeX4xT5/Wi810dpEPq2bYPndRxgFIaKSU1F/Op/s8af03kyom+mfU7gEpvfIZ46xu8W0duiHplbBMg=="
    },
    "node_modules/@solidity-parser/parser": {
      "version": "0.20.2",
      "resolved": "https://registry.npmjs.org/@solidity-parser/parser/-/parser-0.20.2.tgz",
      "integrity": "sha512-rbu0bzwNvMcwAjH86hiEAcOeRI2EeK8zCkHDrFykh/Al8mvJeFmjy3UrE7GYQjNwOgbGUUtCn5/k8CB8zIu7QA==",
      "dev": true,
      "license": "MIT"
    },
    "node_modules/openzeppelin": {
      "version": "1.0.0",
      "resolved": "https://registry.npmjs.org/openzeppelin/-/openzeppelin-1.0.0.tgz",
      "integrity": "sha512-qemLpGK5krO6Wp9mdoaKvzzqAwKsyghJUEyrbue7gdn3PtPJf2gJ910qPFIUgs7ZgRnClseLX/R6bWTsq/TwJQ==",
      "bin": {
        "openzeppelin-contracts-migrate-imports": "scripts/migrate-imports.js"
      }
    },
    "node_modules/prettier": {
      "version": "3.8.1",
      "resolved": "https://registry.npmjs.org/prettier/-/prettier-3.8.1.tgz",
      "integrity": "sha512-UOnG6LftzbdaHZcKoPFtOcCKztrQ57WkHDeRD9t/PTQtmT0NHSeWWepj6pS0z/N7+08BHFDQVUrfmfMRcZwbMg==",
      "dev": true,
      "license": "MIT",
      "peer": true,
      "bin": {
        "prettier": "bin/prettier.cjs"
      },
      "engines": {
        "node": ">=14"
      },
      "funding": {
        "url": "https://github.com/prettier/prettier?sponsor=1"
      }
    },
    "node_modules/prettier-plugin-solidity": {
      "version": "1.4.3",
      "resolved": "https://registry.npmjs.org/prettier-plugin-solidity/-/prettier-plugin-solidity-1.4.3.tgz",
      "integrity": "sha512-Mrr/iiR9f9IaeGRMZY2ApumXcn/C5Gs3S7B7hWB3gigBFML06C0yEyW86oLp0eqiA0qg+46FaChgLPJCj/pIlg==",
      "dev": true,
      "license": "MIT",
      "dependencies": {
        "@solidity-parser/parser": "^0.20.1",
        "semver": "^7.7.1"
      },
      "engines": {
        "node": ">=18"
      },
      "peerDependencies": {
        "prettier": ">=2.3.0"
      }
    },
    "node_modules/semver": {
      "version": "7.7.3",
      "resolved": "https://registry.npmjs.org/semver/-/semver-7.7.3.tgz",
      "integrity": "sha512-SdsKMrI9TdgjdweUSR9MweHA4EJ8YxHn8DFaDisvhVlUOe4BF1tLD7GAj0lIqWVl+dPb/rExr0Btby5loQm20Q==",
      "dev": true,
      "license": "ISC",
      "bin": {
        "semver": "bin/semver.js"
      },
      "engines": {
        "node": ">=10"
      }
    }
  }
}
